{
  "lockfileVersion": 1,
  "workspaces": {
    "": {
      "name": "recal",
      "dependencies": {
        "@sinclair/typebox": "^0.34.38",
      },
      "devDependencies": {
        "@biomejs/biome": "2.1.2",
        "@types/bun": "latest",
        "@types/node": "^22.15.21",
        "typescript": "^5.8.3",
      },
    },
  },
  "packages": {
    "@biomejs/biome": ["@biomejs/biome@2.1.2", "", { "optionalDependencies": { "@biomejs/cli-darwin-arm64": "2.1.2", "@biomejs/cli-darwin-x64": "2.1.2", "@biomejs/cli-linux-arm64": "2.1.2", "@biomejs/cli-linux-arm64-musl": "2.1.2", "@biomejs/cli-linux-x64": "2.1.2", "@biomejs/cli-linux-x64-musl": "2.1.2", "@biomejs/cli-win32-arm64": "2.1.2", "@biomejs/cli-win32-x64": "2.1.2" }, "bin": { "biome": "bin/biome" } }, "sha512-yq8ZZuKuBVDgAS76LWCfFKHSYIAgqkxVB3mGVVpOe2vSkUTs7xG46zXZeNPRNVjiJuw0SZ3+J2rXiYx0RUpfGg=="],

    "@biomejs/cli-darwin-arm64": ["@biomejs/cli-darwin-arm64@2.1.2", "", { "os": "darwin", "cpu": "arm64" }, "sha512-leFAks64PEIjc7MY/cLjE8u5OcfBKkcDB0szxsWUB4aDfemBep1WVKt0qrEyqZBOW8LPHzrFMyDl3FhuuA0E7g=="],

    "@biomejs/cli-darwin-x64": ["@biomejs/cli-darwin-x64@2.1.2", "", { "os": "darwin", "cpu": "x64" }, "sha512-Nmmv7wRX5Nj7lGmz0FjnWdflJg4zii8Ivruas6PBKzw5SJX/q+Zh2RfnO+bBnuKLXpj8kiI2x2X12otpH6a32A=="],

    "@biomejs/cli-linux-arm64": ["@biomejs/cli-linux-arm64@2.1.2", "", { "os": "linux", "cpu": "arm64" }, "sha512-NWNy2Diocav61HZiv2enTQykbPP/KrA/baS7JsLSojC7Xxh2nl9IczuvE5UID7+ksRy2e7yH7klm/WkA72G1dw=="],

    "@biomejs/cli-linux-arm64-musl": ["@biomejs/cli-linux-arm64-musl@2.1.2", "", { "os": "linux", "cpu": "arm64" }, "sha512-qgHvafhjH7Oca114FdOScmIKf1DlXT1LqbOrrbR30kQDLFPEOpBG0uzx6MhmsrmhGiCFCr2obDamu+czk+X0HQ=="],

    "@biomejs/cli-linux-x64": ["@biomejs/cli-linux-x64@2.1.2", "", { "os": "linux", "cpu": "x64" }, "sha512-Km/UYeVowygTjpX6sGBzlizjakLoMQkxWbruVZSNE6osuSI63i4uCeIL+6q2AJlD3dxoiBJX70dn1enjQnQqwA=="],

    "@biomejs/cli-linux-x64-musl": ["@biomejs/cli-linux-x64-musl@2.1.2", "", { "os": "linux", "cpu": "x64" }, "sha512-xlB3mU14ZUa3wzLtXfmk2IMOGL+S0aHFhSix/nssWS/2XlD27q+S6f0dlQ8WOCbYoXcuz8BCM7rCn2lxdTrlQA=="],

    "@biomejs/cli-win32-arm64": ["@biomejs/cli-win32-arm64@2.1.2", "", { "os": "win32", "cpu": "arm64" }, "sha512-G8KWZli5ASOXA3yUQgx+M4pZRv3ND16h77UsdunUL17uYpcL/UC7RkWTdkfvMQvogVsAuz5JUcBDjgZHXxlKoA=="],

    "@biomejs/cli-win32-x64": ["@biomejs/cli-win32-x64@2.1.2", "", { "os": "win32", "cpu": "x64" }, "sha512-9zajnk59PMpjBkty3bK2IrjUsUHvqe9HWwyAWQBjGLE7MIBjbX2vwv1XPEhmO2RRuGoTkVx3WCanHrjAytICLA=="],

    "@sinclair/typebox": ["@sinclair/typebox@0.34.38", "", {}, "sha512-HpkxMmc2XmZKhvaKIZZThlHmx1L0I/V1hWK1NubtlFnr6ZqdiOpV72TKudZUNQjZNsyDBay72qFEhEvb+bcwcA=="],

    "@types/bun": ["@types/bun@1.2.20", "", { "dependencies": { "bun-types": "1.2.20" } }, "sha512-dX3RGzQ8+KgmMw7CsW4xT5ITBSCrSbfHc36SNT31EOUg/LA9JWq0VDdEXDRSe1InVWpd2yLUM1FUF/kEOyTzYA=="],

    "@types/node": ["@types/node@22.15.21", "", { "dependencies": { "undici-types": "~6.21.0" } }, "sha512-EV/37Td6c+MgKAbkcLG6vqZ2zEYHD7bvSrzqqs2RIhbA6w3x+Dqz8MZM3sP6kGTeLrdoOgKZe+Xja7tUB2DNkQ=="],

    "@types/react": ["@types/react@19.1.10", "", { "dependencies": { "csstype": "^3.0.2" } }, "sha512-EhBeSYX0Y6ye8pNebpKrwFJq7BoQ8J5SO6NlvNwwHjSj6adXJViPQrKlsyPw7hLBLvckEMO1yxeGdR82YBBlDg=="],

    "bun-types": ["bun-types@1.2.20", "", { "dependencies": { "@types/node": "*" }, "peerDependencies": { "@types/react": "^19" } }, "sha512-pxTnQYOrKvdOwyiyd/7sMt9yFOenN004Y6O4lCcCUoKVej48FS5cvTw9geRaEcB9TsDZaJKAxPTVvi8tFsVuXA=="],

    "csstype": ["csstype@3.1.3", "", {}, "sha512-M1uQkMl8rQK/szD0LNhtqxIPLpimGm8sOBwU7lLnCpSbTyY3yeU1Vc7l4KT5zT4s/yOxHH5O7tIuuLOCnLADRw=="],

    "typescript": ["typescript@5.8.3", "", { "bin": { "tsc": "bin/tsc", "tsserver": "bin/tsserver" } }, "sha512-p1diW6TqL9L07nNxvRMM7hMMw4c5XOo/1ibL4aAIGmSAt9slTE1Xgw5KWuof2uTOvCg9BY7ZRi+GaF+7sfgPeQ=="],

    "undici-types": ["undici-types@6.21.0", "", {}, "sha512-iwDZqg0QAGrg9Rav5H4n0M64c3mkR59cJ6wQp+7C4nI0gsmExaedaYLNO44eT4AtBBwjbTiGPMlt2Md0T9H9JQ=="],
  }
}
